
Microsoft Visual Studio Solution File, Format Version 12.00
# Visual Studio Version 17
VisualStudioVersion = 17.9.34728.123
MinimumVisualStudioVersion = 10.0.40219.1
Project("{FAE04EC0-301F-11D3-BF4B-00C04F79EFBC}") = "DesktopUI", "DesktopUI\DesktopUI.csproj", "{76B2614D-41BE-4409-ACB7-8FFC5A3D5128}"
EndProject
Global
	GlobalSection(SolutionConfigurationPlatforms) = preSolution
		Debug|Any CPU = Debug|Any CPU
		Release|Any CPU = Release|Any CPU
	EndGlobalSection
	GlobalSection(ProjectConfigurationPlatforms) = postSolution
		{76B2614D-41BE-4409-ACB7-8FFC5A3D5128}.Debug|Any CPU.ActiveCfg = Debug|Any CPU
		{76B2614D-41BE-4409-ACB7-8FFC5A3D5128}.Debug|Any CPU.Build.0 = Debug|Any CPU
		{76B2614D-41BE-4409-ACB7-8FFC5A3D5128}.Release|Any CPU.ActiveCfg = Release|Any CPU
		{76B2614D-41BE-4409-ACB7-8FFC5A3D5128}.Release|Any CPU.Build.0 = Release|Any CPU
	EndGlobalSection
	GlobalSection(SolutionProperties) = preSolution
		HideSolutionNode = FALSE
	EndGlobalSection
	GlobalSection(ExtensibilityGlobals) = postSolution
		SolutionGuid = {CCE52281-C000-4E55-8303-2A70F518348E}
	EndGlobalSection
EndGlobal
